
Microsoft Visual Studio Solution File, Format Version 12.00
# Visual Studio Version 17
VisualStudioVersion = 17.1.31911.260
MinimumVisualStudioVersion = 10.0.40219.1
Project("{9A19103F-16F7-4668-BE54-9A1E7A4F7556}") = "hello", "hello\hello.csproj", "{A17ADFA8-9F20-42D3-B831-AB830F9CDF29}"
EndProject
Project("{9A19103F-16F7-4668-BE54-9A1E7A4F7556}") = "attributetable", "attributetable\attributetable.csproj", "{3764B6FE-87F1-4DAF-A6AB-460C67B97E66}"
EndProject
Project("{9A19103F-16F7-4668-BE54-9A1E7A4F7556}") = "lols", "lols\lols.csproj", "{814E2D39-EFA1-4CBA-9173-3D55D2FF7C58}"
EndProject
Project("{FAE04EC0-301F-11D3-BF4B-00C04F79EFBC}") = "staticsprite", "staticsprite\staticsprite.csproj", "{904B645D-7F5E-4C34-9A37-DF224FB20AAC}"
EndProject
Project("{F2A71F9B-5D33-465A-A702-920D77279786}") = "hellofs", "hellofs\hellofs.fsproj", "{F5B40FE6-1A81-3D23-72E3-156E722752B0}"
EndProject
Project("{FAE04EC0-301F-11D3-BF4B-00C04F79EFBC}") = "music", "music\music.csproj", "{D3FBCC0D-2489-444A-9313-C4F766957F17}"
EndProject
Project("{FAE04EC0-301F-11D3-BF4B-00C04F79EFBC}") = "metasprites", "metasprites\metasprites.csproj", "{C65D8032-0A77-48D7-A4CE-3DB091A9AB64}"
EndProject
Project("{FAE04EC0-301F-11D3-BF4B-00C04F79EFBC}") = "flicker", "flicker\flicker.csproj", "{37A7AB86-2AF0-4291-9231-DBAED03340E0}"
EndProject
Project("{FAE04EC0-301F-11D3-BF4B-00C04F79EFBC}") = "tint", "tint\tint.csproj", "{B3AEB62B-C0BA-4B81-81EC-B5442498DD4A}"
EndProject
Project("{FAE04EC0-301F-11D3-BF4B-00C04F79EFBC}") = "rletitle", "rletitle\rletitle.csproj", "{722F5497-F62A-47BE-85C1-A5008C92996C}"
EndProject
Global
	GlobalSection(SolutionConfigurationPlatforms) = preSolution
		Debug|Any CPU = Debug|Any CPU
		Debug|x64 = Debug|x64
		Debug|x86 = Debug|x86
		Release|Any CPU = Release|Any CPU
		Release|x64 = Release|x64
		Release|x86 = Release|x86
	EndGlobalSection
	GlobalSection(ProjectConfigurationPlatforms) = postSolution
		{A17ADFA8-9F20-42D3-B831-AB830F9CDF29}.Debug|Any CPU.ActiveCfg = Debug|Any CPU
		{A17ADFA8-9F20-42D3-B831-AB830F9CDF29}.Debug|Any CPU.Build.0 = Debug|Any CPU
		{A17ADFA8-9F20-42D3-B831-AB830F9CDF29}.Debug|x64.ActiveCfg = Debug|Any CPU
		{A17ADFA8-9F20-42D3-B831-AB830F9CDF29}.Debug|x64.Build.0 = Debug|Any CPU
		{A17ADFA8-9F20-42D3-B831-AB830F9CDF29}.Debug|x86.ActiveCfg = Debug|Any CPU
		{A17ADFA8-9F20-42D3-B831-AB830F9CDF29}.Debug|x86.Build.0 = Debug|Any CPU
		{A17ADFA8-9F20-42D3-B831-AB830F9CDF29}.Release|Any CPU.ActiveCfg = Release|Any CPU
		{A17ADFA8-9F20-42D3-B831-AB830F9CDF29}.Release|Any CPU.Build.0 = Release|Any CPU
		{A17ADFA8-9F20-42D3-B831-AB830F9CDF29}.Release|x64.ActiveCfg = Release|Any CPU
		{A17ADFA8-9F20-42D3-B831-AB830F9CDF29}.Release|x64.Build.0 = Release|Any CPU
		{A17ADFA8-9F20-42D3-B831-AB830F9CDF29}.Release|x86.ActiveCfg = Release|Any CPU
		{A17ADFA8-9F20-42D3-B831-AB830F9CDF29}.Release|x86.Build.0 = Release|Any CPU
		{3764B6FE-87F1-4DAF-A6AB-460C67B97E66}.Debug|Any CPU.ActiveCfg = Debug|Any CPU
		{3764B6FE-87F1-4DAF-A6AB-460C67B97E66}.Debug|Any CPU.Build.0 = Debug|Any CPU
		{3764B6FE-87F1-4DAF-A6AB-460C67B97E66}.Debug|x64.ActiveCfg = Debug|Any CPU
		{3764B6FE-87F1-4DAF-A6AB-460C67B97E66}.Debug|x64.Build.0 = Debug|Any CPU
		{3764B6FE-87F1-4DAF-A6AB-460C67B97E66}.Debug|x86.ActiveCfg = Debug|Any CPU
		{3764B6FE-87F1-4DAF-A6AB-460C67B97E66}.Debug|x86.Build.0 = Debug|Any CPU
		{3764B6FE-87F1-4DAF-A6AB-460C67B97E66}.Release|Any CPU.ActiveCfg = Release|Any CPU
		{3764B6FE-87F1-4DAF-A6AB-460C67B97E66}.Release|Any CPU.Build.0 = Release|Any CPU
		{3764B6FE-87F1-4DAF-A6AB-460C67B97E66}.Release|x64.ActiveCfg = Release|Any CPU
		{3764B6FE-87F1-4DAF-A6AB-460C67B97E66}.Release|x64.Build.0 = Release|Any CPU
		{3764B6FE-87F1-4DAF-A6AB-460C67B97E66}.Release|x86.ActiveCfg = Release|Any CPU
		{3764B6FE-87F1-4DAF-A6AB-460C67B97E66}.Release|x86.Build.0 = Release|Any CPU
		{814E2D39-EFA1-4CBA-9173-3D55D2FF7C58}.Debug|Any CPU.ActiveCfg = Debug|Any CPU
		{814E2D39-EFA1-4CBA-9173-3D55D2FF7C58}.Debug|Any CPU.Build.0 = Debug|Any CPU
		{814E2D39-EFA1-4CBA-9173-3D55D2FF7C58}.Debug|x64.ActiveCfg = Debug|Any CPU
		{814E2D39-EFA1-4CBA-9173-3D55D2FF7C58}.Debug|x64.Build.0 = Debug|Any CPU
		{814E2D39-EFA1-4CBA-9173-3D55D2FF7C58}.Debug|x86.ActiveCfg = Debug|Any CPU
		{814E2D39-EFA1-4CBA-9173-3D55D2FF7C58}.Debug|x86.Build.0 = Debug|Any CPU
		{814E2D39-EFA1-4CBA-9173-3D55D2FF7C58}.Release|Any CPU.ActiveCfg = Release|Any CPU
		{814E2D39-EFA1-4CBA-9173-3D55D2FF7C58}.Release|Any CPU.Build.0 = Release|Any CPU
		{814E2D39-EFA1-4CBA-9173-3D55D2FF7C58}.Release|x64.ActiveCfg = Release|Any CPU
		{814E2D39-EFA1-4CBA-9173-3D55D2FF7C58}.Release|x64.Build.0 = Release|Any CPU
		{814E2D39-EFA1-4CBA-9173-3D55D2FF7C58}.Release|x86.ActiveCfg = Release|Any CPU
		{814E2D39-EFA1-4CBA-9173-3D55D2FF7C58}.Release|x86.Build.0 = Release|Any CPU
		{904B645D-7F5E-4C34-9A37-DF224FB20AAC}.Debug|Any CPU.ActiveCfg = Debug|Any CPU
		{904B645D-7F5E-4C34-9A37-DF224FB20AAC}.Debug|Any CPU.Build.0 = Debug|Any CPU
		{904B645D-7F5E-4C34-9A37-DF224FB20AAC}.Debug|x64.ActiveCfg = Debug|Any CPU
		{904B645D-7F5E-4C34-9A37-DF224FB20AAC}.Debug|x64.Build.0 = Debug|Any CPU
		{904B645D-7F5E-4C34-9A37-DF224FB20AAC}.Debug|x86.ActiveCfg = Debug|Any CPU
		{904B645D-7F5E-4C34-9A37-DF224FB20AAC}.Debug|x86.Build.0 = Debug|Any CPU
		{904B645D-7F5E-4C34-9A37-DF224FB20AAC}.Release|Any CPU.ActiveCfg = Release|Any CPU
		{904B645D-7F5E-4C34-9A37-DF224FB20AAC}.Release|Any CPU.Build.0 = Release|Any CPU
		{904B645D-7F5E-4C34-9A37-DF224FB20AAC}.Release|x64.ActiveCfg = Release|Any CPU
		{904B645D-7F5E-4C34-9A37-DF224FB20AAC}.Release|x64.Build.0 = Release|Any CPU
		{904B645D-7F5E-4C34-9A37-DF224FB20AAC}.Release|x86.ActiveCfg = Release|Any CPU
		{904B645D-7F5E-4C34-9A37-DF224FB20AAC}.Release|x86.Build.0 = Release|Any CPU
		{F5B40FE6-1A81-3D23-72E3-156E722752B0}.Debug|Any CPU.ActiveCfg = Debug|Any CPU
		{F5B40FE6-1A81-3D23-72E3-156E722752B0}.Debug|Any CPU.Build.0 = Debug|Any CPU
		{F5B40FE6-1A81-3D23-72E3-156E722752B0}.Debug|x64.ActiveCfg = Debug|Any CPU
		{F5B40FE6-1A81-3D23-72E3-156E722752B0}.Debug|x64.Build.0 = Debug|Any CPU
		{F5B40FE6-1A81-3D23-72E3-156E722752B0}.Debug|x86.ActiveCfg = Debug|Any CPU
		{F5B40FE6-1A81-3D23-72E3-156E722752B0}.Debug|x86.Build.0 = Debug|Any CPU
		{F5B40FE6-1A81-3D23-72E3-156E722752B0}.Release|Any CPU.ActiveCfg = Release|Any CPU
		{F5B40FE6-1A81-3D23-72E3-156E722752B0}.Release|Any CPU.Build.0 = Release|Any CPU
		{F5B40FE6-1A81-3D23-72E3-156E722752B0}.Release|x64.ActiveCfg = Release|Any CPU
		{F5B40FE6-1A81-3D23-72E3-156E722752B0}.Release|x64.Build.0 = Release|Any CPU
		{F5B40FE6-1A81-3D23-72E3-156E722752B0}.Release|x86.ActiveCfg = Release|Any CPU
		{F5B40FE6-1A81-3D23-72E3-156E722752B0}.Release|x86.Build.0 = Release|Any CPU
		{D3FBCC0D-2489-444A-9313-C4F766957F17}.Debug|Any CPU.ActiveCfg = Debug|Any CPU
		{D3FBCC0D-2489-444A-9313-C4F766957F17}.Debug|Any CPU.Build.0 = Debug|Any CPU
		{D3FBCC0D-2489-444A-9313-C4F766957F17}.Debug|x64.ActiveCfg = Debug|Any CPU
		{D3FBCC0D-2489-444A-9313-C4F766957F17}.Debug|x64.Build.0 = Debug|Any CPU
		{D3FBCC0D-2489-444A-9313-C4F766957F17}.Debug|x86.ActiveCfg = Debug|Any CPU
		{D3FBCC0D-2489-444A-9313-C4F766957F17}.Debug|x86.Build.0 = Debug|Any CPU
		{D3FBCC0D-2489-444A-9313-C4F766957F17}.Release|Any CPU.ActiveCfg = Release|Any CPU
		{D3FBCC0D-2489-444A-9313-C4F766957F17}.Release|Any CPU.Build.0 = Release|Any CPU
		{D3FBCC0D-2489-444A-9313-C4F766957F17}.Release|x64.ActiveCfg = Release|Any CPU
		{D3FBCC0D-2489-444A-9313-C4F766957F17}.Release|x64.Build.0 = Release|Any CPU
		{D3FBCC0D-2489-444A-9313-C4F766957F17}.Release|x86.ActiveCfg = Release|Any CPU
		{D3FBCC0D-2489-444A-9313-C4F766957F17}.Release|x86.Build.0 = Release|Any CPU
		{C65D8032-0A77-48D7-A4CE-3DB091A9AB64}.Debug|Any CPU.ActiveCfg = Debug|Any CPU
		{C65D8032-0A77-48D7-A4CE-3DB091A9AB64}.Debug|Any CPU.Build.0 = Debug|Any CPU
		{C65D8032-0A77-48D7-A4CE-3DB091A9AB64}.Debug|x64.ActiveCfg = Debug|Any CPU
		{C65D8032-0A77-48D7-A4CE-3DB091A9AB64}.Debug|x64.Build.0 = Debug|Any CPU
		{C65D8032-0A77-48D7-A4CE-3DB091A9AB64}.Debug|x86.ActiveCfg = Debug|Any CPU
		{C65D8032-0A77-48D7-A4CE-3DB091A9AB64}.Debug|x86.Build.0 = Debug|Any CPU
		{C65D8032-0A77-48D7-A4CE-3DB091A9AB64}.Release|Any CPU.ActiveCfg = Release|Any CPU
		{C65D8032-0A77-48D7-A4CE-3DB091A9AB64}.Release|Any CPU.Build.0 = Release|Any CPU
		{C65D8032-0A77-48D7-A4CE-3DB091A9AB64}.Release|x64.ActiveCfg = Release|Any CPU
		{C65D8032-0A77-48D7-A4CE-3DB091A9AB64}.Release|x64.Build.0 = Release|Any CPU
		{C65D8032-0A77-48D7-A4CE-3DB091A9AB64}.Release|x86.ActiveCfg = Release|Any CPU
		{C65D8032-0A77-48D7-A4CE-3DB091A9AB64}.Release|x86.Build.0 = Release|Any CPU
		{37A7AB86-2AF0-4291-9231-DBAED03340E0}.Debug|Any CPU.ActiveCfg = Debug|Any CPU
		{37A7AB86-2AF0-4291-9231-DBAED03340E0}.Debug|Any CPU.Build.0 = Debug|Any CPU
		{37A7AB86-2AF0-4291-9231-DBAED03340E0}.Debug|x64.ActiveCfg = Debug|Any CPU
		{37A7AB86-2AF0-4291-9231-DBAED03340E0}.Debug|x64.Build.0 = Debug|Any CPU
		{37A7AB86-2AF0-4291-9231-DBAED03340E0}.Debug|x86.ActiveCfg = Debug|Any CPU
		{37A7AB86-2AF0-4291-9231-DBAED03340E0}.Debug|x86.Build.0 = Debug|Any CPU
		{37A7AB86-2AF0-4291-9231-DBAED03340E0}.Release|Any CPU.ActiveCfg = Release|Any CPU
		{37A7AB86-2AF0-4291-9231-DBAED03340E0}.Release|Any CPU.Build.0 = Release|Any CPU
		{37A7AB86-2AF0-4291-9231-DBAED03340E0}.Release|x64.ActiveCfg = Release|Any CPU
		{37A7AB86-2AF0-4291-9231-DBAED03340E0}.Release|x64.Build.0 = Release|Any CPU
		{37A7AB86-2AF0-4291-9231-DBAED03340E0}.Release|x86.ActiveCfg = Release|Any CPU
		{37A7AB86-2AF0-4291-9231-DBAED03340E0}.Release|x86.Build.0 = Release|Any CPU
		{B3AEB62B-C0BA-4B81-81EC-B5442498DD4A}.Debug|Any CPU.ActiveCfg = Debug|Any CPU
		{B3AEB62B-C0BA-4B81-81EC-B5442498DD4A}.Debug|Any CPU.Build.0 = Debug|Any CPU
		{B3AEB62B-C0BA-4B81-81EC-B5442498DD4A}.Debug|x64.ActiveCfg = Debug|Any CPU
		{B3AEB62B-C0BA-4B81-81EC-B5442498DD4A}.Debug|x64.Build.0 = Debug|Any CPU
		{B3AEB62B-C0BA-4B81-81EC-B5442498DD4A}.Debug|x86.ActiveCfg = Debug|Any CPU
		{B3AEB62B-C0BA-4B81-81EC-B5442498DD4A}.Debug|x86.Build.0 = Debug|Any CPU
		{B3AEB62B-C0BA-4B81-81EC-B5442498DD4A}.Release|Any CPU.ActiveCfg = Release|Any CPU
		{B3AEB62B-C0BA-4B81-81EC-B5442498DD4A}.Release|Any CPU.Build.0 = Release|Any CPU
		{B3AEB62B-C0BA-4B81-81EC-B5442498DD4A}.Release|x64.ActiveCfg = Release|Any CPU
		{B3AEB62B-C0BA-4B81-81EC-B5442498DD4A}.Release|x64.Build.0 = Release|Any CPU
		{B3AEB62B-C0BA-4B81-81EC-B5442498DD4A}.Release|x86.ActiveCfg = Release|Any CPU
		{B3AEB62B-C0BA-4B81-81EC-B5442498DD4A}.Release|x86.Build.0 = Release|Any CPU
		{722F5497-F62A-47BE-85C1-A5008C92996C}.Debug|Any CPU.ActiveCfg = Debug|Any CPU
		{722F5497-F62A-47BE-85C1-A5008C92996C}.Debug|Any CPU.Build.0 = Debug|Any CPU
		{722F5497-F62A-47BE-85C1-A5008C92996C}.Debug|x64.ActiveCfg = Debug|Any CPU
		{722F5497-F62A-47BE-85C1-A5008C92996C}.Debug|x64.Build.0 = Debug|Any CPU
		{722F5497-F62A-47BE-85C1-A5008C92996C}.Debug|x86.ActiveCfg = Debug|Any CPU
		{722F5497-F62A-47BE-85C1-A5008C92996C}.Debug|x86.Build.0 = Debug|Any CPU
		{722F5497-F62A-47BE-85C1-A5008C92996C}.Release|Any CPU.ActiveCfg = Release|Any CPU
		{722F5497-F62A-47BE-85C1-A5008C92996C}.Release|Any CPU.Build.0 = Release|Any CPU
		{722F5497-F62A-47BE-85C1-A5008C92996C}.Release|x64.ActiveCfg = Release|Any CPU
		{722F5497-F62A-47BE-85C1-A5008C92996C}.Release|x64.Build.0 = Release|Any CPU
		{722F5497-F62A-47BE-85C1-A5008C92996C}.Release|x86.ActiveCfg = Release|Any CPU
		{722F5497-F62A-47BE-85C1-A5008C92996C}.Release|x86.Build.0 = Release|Any CPU
	EndGlobalSection
	GlobalSection(SolutionProperties) = preSolution
		HideSolutionNode = FALSE
	EndGlobalSection
	GlobalSection(ExtensibilityGlobals) = postSolution
		SolutionGuid = {26182058-0DAC-45E0-AD46-D1DB9DF2B329}
	EndGlobalSection
EndGlobal
