
Microsoft Visual Studio Solution File, Format Version 12.00
# Visual Studio Version 17
VisualStudioVersion = 17.1.31911.260
MinimumVisualStudioVersion = 10.0.40219.1
Project("{9A19103F-16F7-4668-BE54-9A1E7A4F7556}") = "hello", "hello\hello.csproj", "{A17ADFA8-9F20-42D3-B831-AB830F9CDF29}"
EndProject
Project("{9A19103F-16F7-4668-BE54-9A1E7A4F7556}") = "attributetable", "attributetable\attributetable.csproj", "{3764B6FE-87F1-4DAF-A6AB-460C67B97E66}"
EndProject
Project("{9A19103F-16F7-4668-BE54-9A1E7A4F7556}") = "lols", "lols\lols.csproj", "{814E2D39-EFA1-4CBA-9173-3D55D2FF7C58}"
EndProject
Project("{FAE04EC0-301F-11D3-BF4B-00C04F79EFBC}") = "staticsprite", "staticsprite\staticsprite.csproj", "{904B645D-7F5E-4C34-9A37-DF224FB20AAC}"
EndProject
Global
	GlobalSection(SolutionConfigurationPlatforms) = preSolution
		Debug|Any CPU = Debug|Any CPU
		Release|Any CPU = Release|Any CPU
	EndGlobalSection
	GlobalSection(ProjectConfigurationPlatforms) = postSolution
		{A17ADFA8-9F20-42D3-B831-AB830F9CDF29}.Debug|Any CPU.ActiveCfg = Debug|Any CPU
		{A17ADFA8-9F20-42D3-B831-AB830F9CDF29}.Debug|Any CPU.Build.0 = Debug|Any CPU
		{A17ADFA8-9F20-42D3-B831-AB830F9CDF29}.Release|Any CPU.ActiveCfg = Release|Any CPU
		{A17ADFA8-9F20-42D3-B831-AB830F9CDF29}.Release|Any CPU.Build.0 = Release|Any CPU
		{3764B6FE-87F1-4DAF-A6AB-460C67B97E66}.Debug|Any CPU.ActiveCfg = Debug|Any CPU
		{3764B6FE-87F1-4DAF-A6AB-460C67B97E66}.Debug|Any CPU.Build.0 = Debug|Any CPU
		{3764B6FE-87F1-4DAF-A6AB-460C67B97E66}.Release|Any CPU.ActiveCfg = Release|Any CPU
		{3764B6FE-87F1-4DAF-A6AB-460C67B97E66}.Release|Any CPU.Build.0 = Release|Any CPU
		{814E2D39-EFA1-4CBA-9173-3D55D2FF7C58}.Debug|Any CPU.ActiveCfg = Debug|Any CPU
		{814E2D39-EFA1-4CBA-9173-3D55D2FF7C58}.Debug|Any CPU.Build.0 = Debug|Any CPU
		{814E2D39-EFA1-4CBA-9173-3D55D2FF7C58}.Release|Any CPU.ActiveCfg = Release|Any CPU
		{814E2D39-EFA1-4CBA-9173-3D55D2FF7C58}.Release|Any CPU.Build.0 = Release|Any CPU
		{904B645D-7F5E-4C34-9A37-DF224FB20AAC}.Debug|Any CPU.ActiveCfg = Debug|Any CPU
		{904B645D-7F5E-4C34-9A37-DF224FB20AAC}.Debug|Any CPU.Build.0 = Debug|Any CPU
		{904B645D-7F5E-4C34-9A37-DF224FB20AAC}.Release|Any CPU.ActiveCfg = Release|Any CPU
		{904B645D-7F5E-4C34-9A37-DF224FB20AAC}.Release|Any CPU.Build.0 = Release|Any CPU
	EndGlobalSection
	GlobalSection(SolutionProperties) = preSolution
		HideSolutionNode = FALSE
	EndGlobalSection
	GlobalSection(ExtensibilityGlobals) = postSolution
		SolutionGuid = {26182058-0DAC-45E0-AD46-D1DB9DF2B329}
	EndGlobalSection
EndGlobal
